
Microsoft Visual Studio Solution File, Format Version 12.00
# Visual Studio Version 16
VisualStudioVersion = 16.0.30114.105
MinimumVisualStudioVersion = 10.0.40219.1
Project("{FAE04EC0-301F-11D3-BF4B-00C04F79EFBC}") = "prova", "prova\prova.csproj", "{C7B45FEA-4646-4BC1-818A-AF2486A96B30}"
EndProject
Project("{FAE04EC0-301F-11D3-BF4B-00C04F79EFBC}") = "provaWeb", "provaWeb\provaWeb.csproj", "{4316829D-EBD3-4A03-8BB7-B802353507B1}"
EndProject
Global
	GlobalSection(SolutionConfigurationPlatforms) = preSolution
		Debug|Any CPU = Debug|Any CPU
		Release|Any CPU = Release|Any CPU
	EndGlobalSection
	GlobalSection(ProjectConfigurationPlatforms) = postSolution
		{C7B45FEA-4646-4BC1-818A-AF2486A96B30}.Debug|Any CPU.ActiveCfg = Debug|Any CPU
		{C7B45FEA-4646-4BC1-818A-AF2486A96B30}.Debug|Any CPU.Build.0 = Debug|Any CPU
		{C7B45FEA-4646-4BC1-818A-AF2486A96B30}.Debug|Any CPU.Deploy.0 = Debug|Any CPU
		{C7B45FEA-4646-4BC1-818A-AF2486A96B30}.Release|Any CPU.ActiveCfg = Release|Any CPU
		{C7B45FEA-4646-4BC1-818A-AF2486A96B30}.Release|Any CPU.Build.0 = Release|Any CPU
		{C7B45FEA-4646-4BC1-818A-AF2486A96B30}.Release|Any CPU.Deploy.0 = Release|Any CPU
		{4316829D-EBD3-4A03-8BB7-B802353507B1}.Debug|Any CPU.ActiveCfg = Debug|Any CPU
		{4316829D-EBD3-4A03-8BB7-B802353507B1}.Debug|Any CPU.Build.0 = Debug|Any CPU
		{4316829D-EBD3-4A03-8BB7-B802353507B1}.Release|Any CPU.ActiveCfg = Release|Any CPU
		{4316829D-EBD3-4A03-8BB7-B802353507B1}.Release|Any CPU.Build.0 = Release|Any CPU
	EndGlobalSection
	GlobalSection(SolutionProperties) = preSolution
		HideSolutionNode = FALSE
	EndGlobalSection
	GlobalSection(ExtensibilityGlobals) = postSolution
		SolutionGuid = {5306EF5B-0380-4DEF-8422-B8A126A276DA}
	EndGlobalSection
EndGlobal
